Microsoft Visual Studio Solution File, Format Version 12.00
# Visual Studio Version 17
VisualStudioVersion = 17.5.2.0
MinimumVisualStudioVersion = 10.0.40219.1
Project("{FAE04EC0-301F-11D3-BF4B-00C04F79EFBC}") = "Pr1.MinWebService", "Pr1.MinWebService.csproj", "{1B6CF58E-FA3F-D9F1-88DB-6CE1B6B6B1CD}"
EndProject
Project("{2150E333-8FDC-42A3-9474-1A3956D46DE8}") = "task1_tests", "task1_tests", "{955D0B88-1D3A-8DDD-9F19-E664361B5DE8}"
EndProject
Project("{FAE04EC0-301F-11D3-BF4B-00C04F79EFBC}") = "Pr1.MinWebService.Tests", "task1_tests\Pr1.MinWebService.Tests.csproj", "{4A159BA5-4C3D-FA8C-9BA5-3F7324C28622}"
EndProject
Global
	GlobalSection(SolutionConfigurationPlatforms) = preSolution
		Debug|Any CPU = Debug|Any CPU
		Release|Any CPU = Release|Any CPU
	EndGlobalSection
	GlobalSection(ProjectConfigurationPlatforms) = postSolution
		{1B6CF58E-FA3F-D9F1-88DB-6CE1B6B6B1CD}.Debug|Any CPU.ActiveCfg = Debug|Any CPU
		{1B6CF58E-FA3F-D9F1-88DB-6CE1B6B6B1CD}.Debug|Any CPU.Build.0 = Debug|Any CPU
		{1B6CF58E-FA3F-D9F1-88DB-6CE1B6B6B1CD}.Release|Any CPU.ActiveCfg = Release|Any CPU
		{1B6CF58E-FA3F-D9F1-88DB-6CE1B6B6B1CD}.Release|Any CPU.Build.0 = Release|Any CPU
		{4A159BA5-4C3D-FA8C-9BA5-3F7324C28622}.Debug|Any CPU.ActiveCfg = Debug|Any CPU
		{4A159BA5-4C3D-FA8C-9BA5-3F7324C28622}.Debug|Any CPU.Build.0 = Debug|Any CPU
		{4A159BA5-4C3D-FA8C-9BA5-3F7324C28622}.Release|Any CPU.ActiveCfg = Release|Any CPU
		{4A159BA5-4C3D-FA8C-9BA5-3F7324C28622}.Release|Any CPU.Build.0 = Release|Any CPU
	EndGlobalSection
	GlobalSection(SolutionProperties) = preSolution
		HideSolutionNode = FALSE
	EndGlobalSection
	GlobalSection(NestedProjects) = preSolution
		{4A159BA5-4C3D-FA8C-9BA5-3F7324C28622} = {955D0B88-1D3A-8DDD-9F19-E664361B5DE8}
	EndGlobalSection
	GlobalSection(ExtensibilityGlobals) = postSolution
		SolutionGuid = {4BA2E573-F45F-444F-975C-3ED57D5CCE99}
	EndGlobalSection
EndGlobal
